{
  "name": "Breaking-Chess",
  "lockfileVersion": 3,
  "requires": true,
  "packages": {
    "": {
      "dependencies": {
        "ngx-toastr": "^19.0.0"
      }
    },
    "node_modules/@angular/common": {
      "version": "18.0.6",
      "resolved": "https://registry.npmjs.org/@angular/common/-/common-18.0.6.tgz",
      "integrity": "sha512-ARwNte/POelohW6DaNJQ56rZbEJMCvGSdhvaJNpJ0UlFxvKmK+6QmAcgLb5WwNoCqQcjtjUKavekhfNlpg5NBg==",
      "peer": true,
      "dependencies": {
        "tslib": "^2.3.0"
      },
      "engines": {
        "node": "^18.19.1 || ^20.11.1 || >=22.0.0"
      },
      "peerDependencies": {
        "@angular/core": "18.0.6",
        "rxjs": "^6.5.3 || ^7.4.0"
      }
    },
    "node_modules/@angular/core": {
      "version": "18.0.6",
      "resolved": "https://registry.npmjs.org/@angular/core/-/core-18.0.6.tgz",
      "integrity": "sha512-a5ucQqCNI/6MzJl+r+NGvPqR/z44aVB1WttmZ/AbKIh2VIkEFp9VqOg+0HQnEItoMI8BnRbrsYHGp+D5Mtw8Jg==",
      "peer": true,
      "dependencies": {
        "tslib": "^2.3.0"
      },
      "engines": {
        "node": "^18.19.1 || ^20.11.1 || >=22.0.0"
      },
      "peerDependencies": {
        "rxjs": "^6.5.3 || ^7.4.0",
        "zone.js": "~0.14.0"
      }
    },
    "node_modules/@angular/platform-browser": {
      "version": "18.0.6",
      "resolved": "https://registry.npmjs.org/@angular/platform-browser/-/platform-browser-18.0.6.tgz",
      "integrity": "sha512-ihEni4hIIwOPaWIY+elF7UjWLEpNwYPCql9xhcSA3/SpB8zdaqwV/JgEPnBd5+exwcGr07TGcZ3hLfM7xR6N/w==",
      "peer": true,
      "dependencies": {
        "tslib": "^2.3.0"
      },
      "engines": {
        "node": "^18.19.1 || ^20.11.1 || >=22.0.0"
      },
      "peerDependencies": {
        "@angular/animations": "18.0.6",
        "@angular/common": "18.0.6",
        "@angular/core": "18.0.6"
      },
      "peerDependenciesMeta": {
        "@angular/animations": {
          "optional": true
        }
      }
    },
    "node_modules/ngx-toastr": {
      "version": "19.0.0",
      "resolved": "https://registry.npmjs.org/ngx-toastr/-/ngx-toastr-19.0.0.tgz",
      "integrity": "sha512-6pTnktwwWD+kx342wuMOWB4+bkyX9221pAgGz3SHOJH0/MI9erLucS8PeeJDFwbUYyh75nQ6AzVtolgHxi52dQ==",
      "dependencies": {
        "tslib": "^2.3.0"
      },
      "peerDependencies": {
        "@angular/common": ">=16.0.0-0",
        "@angular/core": ">=16.0.0-0",
        "@angular/platform-browser": ">=16.0.0-0"
      }
    },
    "node_modules/rxjs": {
      "version": "7.8.1",
      "resolved": "https://registry.npmjs.org/rxjs/-/rxjs-7.8.1.tgz",
      "integrity": "sha512-AA3TVj+0A2iuIoQkWEK/tqFjBq2j+6PO6Y0zJcvzLAFhEFIO3HL0vls9hWLncZbAAbK0mar7oZ4V079I/qPMxg==",
      "peer": true,
      "dependencies": {
        "tslib": "^2.1.0"
      }
    },
    "node_modules/tslib": {
      "version": "2.6.3",
      "resolved": "https://registry.npmjs.org/tslib/-/tslib-2.6.3.tgz",
      "integrity": "sha512-xNvxJEOUiWPGhUuUdQgAJPKOOJfGnIyKySOc09XkKsgdUV/3E2zvwZYdejjmRgPCgcym1juLH3226yA7sEFJKQ=="
    },
    "node_modules/zone.js": {
      "version": "0.14.7",
      "resolved": "https://registry.npmjs.org/zone.js/-/zone.js-0.14.7.tgz",
      "integrity": "sha512-0w6DGkX2BPuiK/NLf+4A8FLE43QwBfuqz2dVgi/40Rj1WmqUskCqj329O/pwrqFJLG5X8wkeG2RhIAro441xtg==",
      "peer": true
    }
  }
}
